
Microsoft Visual Studio Solution File, Format Version 12.00
# Visual Studio Version 17
VisualStudioVersion = 17.6.33829.357
MinimumVisualStudioVersion = 10.0.40219.1
Project("{FAE04EC0-301F-11D3-BF4B-00C04F79EFBC}") = "Logica", "TestUnitarios\Logica.csproj", "{7E2862A4-F8A2-4469-A21C-79C941855D12}"
EndProject
Project("{FAE04EC0-301F-11D3-BF4B-00C04F79EFBC}") = "Tests", "Tests\Tests.csproj", "{B5A53A71-5FD1-4115-8910-0EB49429BF93}"
EndProject
Global
	GlobalSection(SolutionConfigurationPlatforms) = preSolution
		Debug|Any CPU = Debug|Any CPU
		Release|Any CPU = Release|Any CPU
	EndGlobalSection
	GlobalSection(ProjectConfigurationPlatforms) = postSolution
		{7E2862A4-F8A2-4469-A21C-79C941855D12}.Debug|Any CPU.ActiveCfg = Debug|Any CPU
		{7E2862A4-F8A2-4469-A21C-79C941855D12}.Debug|Any CPU.Build.0 = Debug|Any CPU
		{7E2862A4-F8A2-4469-A21C-79C941855D12}.Release|Any CPU.ActiveCfg = Release|Any CPU
		{7E2862A4-F8A2-4469-A21C-79C941855D12}.Release|Any CPU.Build.0 = Release|Any CPU
		{B5A53A71-5FD1-4115-8910-0EB49429BF93}.Debug|Any CPU.ActiveCfg = Debug|Any CPU
		{B5A53A71-5FD1-4115-8910-0EB49429BF93}.Debug|Any CPU.Build.0 = Debug|Any CPU
		{B5A53A71-5FD1-4115-8910-0EB49429BF93}.Release|Any CPU.ActiveCfg = Release|Any CPU
		{B5A53A71-5FD1-4115-8910-0EB49429BF93}.Release|Any CPU.Build.0 = Release|Any CPU
	EndGlobalSection
	GlobalSection(SolutionProperties) = preSolution
		HideSolutionNode = FALSE
	EndGlobalSection
	GlobalSection(ExtensibilityGlobals) = postSolution
		SolutionGuid = {7F7FBA20-1C1B-46A3-8318-B8EAC61C687D}
	EndGlobalSection
EndGlobal
